{
    "name": "vscode-cfn-lint",
    "version": "0.0.1",
    "lockfileVersion": 1,
    "requires": true,
    "dependencies": {
        "duplexer": {
            "version": "0.1.1",
            "resolved": "https://registry.npmjs.org/duplexer/-/duplexer-0.1.1.tgz",
            "integrity": "sha1-rOb/gIwc5mtX0ev5eXessCM0z8E="
        },
        "event-stream": {
            "version": "3.3.4",
            "resolved": "http://registry.npmjs.org/event-stream/-/event-stream-3.3.4.tgz",
            "integrity": "sha1-SrTJoPWlTbkzi0w02Gv86PSzVXE=",
            "requires": {
                "duplexer": "0.1.1",
                "from": "0.1.7",
                "map-stream": "0.1.0",
                "pause-stream": "0.0.11",
                "split": "0.3.3",
                "stream-combiner": "0.0.4",
                "through": "2.3.8"
            }
        },
        "from": {
            "version": "0.1.7",
            "resolved": "https://registry.npmjs.org/from/-/from-0.1.7.tgz",
            "integrity": "sha1-g8YK/Fi5xWmXAH7Rp2izqzA6RP4="
        },
        "map-stream": {
            "version": "0.1.0",
            "resolved": "http://registry.npmjs.org/map-stream/-/map-stream-0.1.0.tgz",
            "integrity": "sha1-5WqpTEyAVaFkBKBnS3jyFffI4ZQ="
        },
        "pause-stream": {
            "version": "0.0.11",
            "resolved": "https://registry.npmjs.org/pause-stream/-/pause-stream-0.0.11.tgz",
            "integrity": "sha1-/lo0sMvOErWqaitAPuLnO2AvFEU=",
            "requires": {
                "through": "2.3.8"
            }
        },
        "semver": {
            "version": "5.6.0",
            "resolved": "https://registry.npmjs.org/semver/-/semver-5.6.0.tgz",
            "integrity": "sha512-RS9R6R35NYgQn++fkDWaOmqGoj4Ek9gGs+DPxNUZKuwE183xjJroKvyo1IzVFeXvUrvmALy6FWD5xrdJT25gMg=="
        },
        "split": {
            "version": "0.3.3",
            "resolved": "http://registry.npmjs.org/split/-/split-0.3.3.tgz",
            "integrity": "sha1-zQ7qXmOiEd//frDwkcQTPi0N0o8=",
            "requires": {
                "through": "2.3.8"
            }
        },
        "stream-combiner": {
            "version": "0.0.4",
            "resolved": "http://registry.npmjs.org/stream-combiner/-/stream-combiner-0.0.4.tgz",
            "integrity": "sha1-TV5DPBhSYd3mI8o/RMWGvPXErRQ=",
            "requires": {
                "duplexer": "0.1.1"
            }
        },
        "through": {
            "version": "2.3.8",
            "resolved": "https://registry.npmjs.org/through/-/through-2.3.8.tgz",
            "integrity": "sha1-DdTJ/6q8NXlgsbckEV1+Doai4fU="
        },
        "vscode-jsonrpc": {
            "version": "4.0.0",
            "resolved": "https://registry.npmjs.org/vscode-jsonrpc/-/vscode-jsonrpc-4.0.0.tgz",
            "integrity": "sha512-perEnXQdQOJMTDFNv+UF3h1Y0z4iSiaN9jIlb0OqIYgosPCZGYh/MCUlkFtV2668PL69lRDO32hmvL2yiidUYg=="
        },
        "vscode-languageclient": {
            "version": "5.0.1",
            "resolved": "https://registry.npmjs.org/vscode-languageclient/-/vscode-languageclient-5.0.1.tgz",
            "integrity": "sha512-5o4mWbKRrjhgFPc3W1kXSWy9O2HQVacrgLI3gK98RsthKESnpgj9FX+7OQLtLgSvHhaqxJbVVz2xdPfeSDKaZg==",
            "requires": {
                "semver": "5.6.0",
                "vscode-languageserver-protocol": "3.14.1"
            }
        },
        "vscode-languageserver-protocol": {
            "version": "3.14.1",
            "resolved": "https://registry.npmjs.org/vscode-languageserver-protocol/-/vscode-languageserver-protocol-3.14.1.tgz",
            "integrity": "sha512-IL66BLb2g20uIKog5Y2dQ0IiigW0XKrvmWiOvc0yXw80z3tMEzEnHjaGAb3ENuU7MnQqgnYJ1Cl2l9RvNgDi4g==",
            "requires": {
                "vscode-jsonrpc": "4.0.0",
                "vscode-languageserver-types": "3.14.0"
            }
        },
        "vscode-languageserver-types": {
            "version": "3.14.0",
            "resolved": "https://registry.npmjs.org/vscode-languageserver-types/-/vscode-languageserver-types-3.14.0.tgz",
            "integrity": "sha512-lTmS6AlAlMHOvPQemVwo3CezxBp0sNB95KNPkqp3Nxd5VFEnuG1ByM0zlRWos0zjO3ZWtkvhal0COgiV1xIA4A=="
        }
    }
}
