{
	"name": "vscode-cfn-lint",
	"version": "0.2.0",
	"lockfileVersion": 1,
	"requires": true,
	"dependencies": {
		"@types/mocha": {
			"version": "2.2.48",
			"resolved": "https://registry.npmjs.org/@types/mocha/-/mocha-2.2.48.tgz",
			"integrity": "sha1-NSOxJqCwSUguHDwRh3Rg92Yi/6s=",
			"dev": true
		},
		"@types/node": {
			"version": "6.0.109",
			"resolved": "https://registry.npmjs.org/@types/node/-/node-6.0.109.tgz",
			"integrity": "sha512-z8zzzMkjsMI4TgrjjRIvC5kcpqKE8euFbGvImGiujpdKsxbxiy6KguRJ93SFoEOKqeOsKBpaaHjobthVq6EOCg==",
			"dev": true
		},
		"typescript": {
			"version": "2.8.3",
			"resolved": "https://registry.npmjs.org/typescript/-/typescript-2.8.3.tgz",
			"integrity": "sha512-K7g15Bb6Ra4lKf7Iq2l/I5/En+hLIHmxWZGq3D4DIRNFxMNV6j2SHSvDOqs2tGd4UvD/fJvrwopzQXjLrT7Itw==",
			"dev": true
		}
	}
}
