{
	"name": "vscode-cfn-lint",
	"version": "0.1.0",
	"lockfileVersion": 1,
	"requires": true,
	"dependencies": {
		"@types/mocha": {
			"version": "2.2.48",
			"resolved": "https://registry.npmjs.org/@types/mocha/-/mocha-2.2.48.tgz",
			"integrity": "sha1-NSOxJqCwSUguHDwRh3Rg92Yi/6s=",
			"dev": true
		},
		"@types/node": {
			"version": "6.0.101",
			"resolved": "https://registry.npmjs.org/@types/node/-/node-6.0.101.tgz",
			"integrity": "sha1-DFkRz7Q0r0pRwKSZkx/mQjIH2SE=",
			"dev": true
		},
		"typescript": {
			"version": "2.7.2",
			"resolved": "https://registry.npmjs.org/typescript/-/typescript-2.7.2.tgz",
			"integrity": "sha1-LWFaHvSu5PV0Qlzf9wJu34GRmDY=",
			"dev": true
		}
	}
}
