{
	"name": "vscode-cfn-lintr",
	"version": "0.0.1",
	"lockfileVersion": 2,
	"requires": true,
	"packages": {
		"": {
			"name": "vscode-cfn-lintr",
			"version": "0.0.1",
			"license": "Apache-2.0",
			"dependencies": {
				"fast-json-patch": "^3.1.0",
				"vscode-languageserver": "^8.0.2",
				"vscode-languageserver-textdocument": "^1.0.5",
				"vscode-languageserver-types": "^3.16.0",
				"vscode-uri": "^3.0.3",
				"yaml-language-server": "^1.10.0"
			},
			"engines": {
				"node": "*"
			}
		},
		"node_modules/ajv": {
			"version": "8.11.2",
			"resolved": "https://registry.npmjs.org/ajv/-/ajv-8.11.2.tgz",
			"integrity": "sha512-E4bfmKAhGiSTvMfL1Myyycaub+cUEU2/IvpylXkUu7CHBkBj1f/ikdzbD7YQ6FKUbixDxeYvB/xY4fvyroDlQg==",
			"dependencies": {
				"fast-deep-equal": "^3.1.1",
				"json-schema-traverse": "^1.0.0",
				"require-from-string": "^2.0.2",
				"uri-js": "^4.2.2"
			},
			"funding": {
				"type": "github",
				"url": "https://github.com/sponsors/epoberezkin"
			}
		},
		"node_modules/fast-deep-equal": {
			"version": "3.1.3",
			"resolved": "https://registry.npmjs.org/fast-deep-equal/-/fast-deep-equal-3.1.3.tgz",
			"integrity": "sha512-f3qQ9oQy9j2AhBe/H9VC91wLmKBCCU/gDOnKNAYG5hswO7BLKj09Hc5HYNz9cGI++xlpDCIgDaitVs03ATR84Q=="
		},
		"node_modules/fast-json-patch": {
			"version": "3.1.1",
			"resolved": "https://registry.npmjs.org/fast-json-patch/-/fast-json-patch-3.1.1.tgz",
			"integrity": "sha512-vf6IHUX2SBcA+5/+4883dsIjpBTqmfBjmYiWK1savxQmFk4JfBMLa7ynTYOs1Rolp/T1betJxHiGD3g1Mn8lUQ=="
		},
		"node_modules/json-schema-traverse": {
			"version": "1.0.0",
			"resolved": "https://registry.npmjs.org/json-schema-traverse/-/json-schema-traverse-1.0.0.tgz",
			"integrity": "sha512-NM8/P9n3XjXhIZn1lLhkFaACTOURQXjWhV4BA/RnOv8xvgqtqpAX9IO4mRQxSx1Rlo4tqzeqb0sOlruaOy3dug=="
		},
		"node_modules/jsonc-parser": {
			"version": "3.2.0",
			"resolved": "https://registry.npmjs.org/jsonc-parser/-/jsonc-parser-3.2.0.tgz",
			"integrity": "sha512-gfFQZrcTc8CnKXp6Y4/CBT3fTc0OVuDofpre4aEeEpSBPV5X5v4+Vmx+8snU7RLPrNHPKSgLxGo9YuQzz20o+w=="
		},
		"node_modules/prettier": {
			"version": "2.0.5",
			"resolved": "https://registry.npmjs.org/prettier/-/prettier-2.0.5.tgz",
			"integrity": "sha512-7PtVymN48hGcO4fGjybyBSIWDsLU4H4XlvOHfq91pz9kkGlonzwTfYkaIEwiRg/dAJF9YlbsduBAgtYLi+8cFg==",
			"optional": true,
			"bin": {
				"prettier": "bin-prettier.js"
			},
			"engines": {
				"node": ">=10.13.0"
			}
		},
		"node_modules/punycode": {
			"version": "2.1.1",
			"resolved": "https://registry.npmjs.org/punycode/-/punycode-2.1.1.tgz",
			"integrity": "sha512-XRsRjdf+j5ml+y/6GKHPZbrF/8p2Yga0JPtdqTIY2Xe5ohJPD9saDJJLPvp9+NSBprVvevdXZybnj2cv8OEd0A==",
			"engines": {
				"node": ">=6"
			}
		},
		"node_modules/request-light": {
			"version": "0.5.8",
			"resolved": "https://registry.npmjs.org/request-light/-/request-light-0.5.8.tgz",
			"integrity": "sha512-3Zjgh+8b5fhRJBQZoy+zbVKpAQGLyka0MPgW3zruTF4dFFJ8Fqcfu9YsAvi/rvdcaTeWG3MkbZv4WKxAn/84Lg=="
		},
		"node_modules/require-from-string": {
			"version": "2.0.2",
			"resolved": "https://registry.npmjs.org/require-from-string/-/require-from-string-2.0.2.tgz",
			"integrity": "sha512-Xf0nWe6RseziFMu+Ap9biiUbmplq6S9/p+7w7YXP/JBHhrUDDUhwa+vANyubuqfZWTveU//DYVGsDG7RKL/vEw==",
			"engines": {
				"node": ">=0.10.0"
			}
		},
		"node_modules/uri-js": {
			"version": "4.4.1",
			"resolved": "https://registry.npmjs.org/uri-js/-/uri-js-4.4.1.tgz",
			"integrity": "sha512-7rKUyy33Q1yc98pQ1DAmLtwX109F7TIfWlW1Ydo8Wl1ii1SeHieeh0HHfPeL2fMXK6z0s8ecKs9frCuLJvndBg==",
			"dependencies": {
				"punycode": "^2.1.0"
			}
		},
		"node_modules/vscode-json-languageservice": {
			"version": "4.1.8",
			"resolved": "https://registry.npmjs.org/vscode-json-languageservice/-/vscode-json-languageservice-4.1.8.tgz",
			"integrity": "sha512-0vSpg6Xd9hfV+eZAaYN63xVVMOTmJ4GgHxXnkLCh+9RsQBkWKIghzLhW2B9ebfG+LQQg8uLtsQ2aUKjTgE+QOg==",
			"dependencies": {
				"jsonc-parser": "^3.0.0",
				"vscode-languageserver-textdocument": "^1.0.1",
				"vscode-languageserver-types": "^3.16.0",
				"vscode-nls": "^5.0.0",
				"vscode-uri": "^3.0.2"
			},
			"engines": {
				"npm": ">=7.0.0"
			}
		},
		"node_modules/vscode-jsonrpc": {
			"version": "8.0.2",
			"resolved": "https://registry.npmjs.org/vscode-jsonrpc/-/vscode-jsonrpc-8.0.2.tgz",
			"integrity": "sha512-RY7HwI/ydoC1Wwg4gJ3y6LpU9FJRZAUnTYMXthqhFXXu77ErDd/xkREpGuk4MyYkk4a+XDWAMqe0S3KkelYQEQ==",
			"engines": {
				"node": ">=14.0.0"
			}
		},
		"node_modules/vscode-languageserver": {
			"version": "8.0.2",
			"resolved": "https://registry.npmjs.org/vscode-languageserver/-/vscode-languageserver-8.0.2.tgz",
			"integrity": "sha512-bpEt2ggPxKzsAOZlXmCJ50bV7VrxwCS5BI4+egUmure/oI/t4OlFzi/YNtVvY24A2UDOZAgwFGgnZPwqSJubkA==",
			"dependencies": {
				"vscode-languageserver-protocol": "3.17.2"
			},
			"bin": {
				"installServerIntoExtension": "bin/installServerIntoExtension"
			}
		},
		"node_modules/vscode-languageserver-protocol": {
			"version": "3.17.2",
			"resolved": "https://registry.npmjs.org/vscode-languageserver-protocol/-/vscode-languageserver-protocol-3.17.2.tgz",
			"integrity": "sha512-8kYisQ3z/SQ2kyjlNeQxbkkTNmVFoQCqkmGrzLH6A9ecPlgTbp3wDTnUNqaUxYr4vlAcloxx8zwy7G5WdguYNg==",
			"dependencies": {
				"vscode-jsonrpc": "8.0.2",
				"vscode-languageserver-types": "3.17.2"
			}
		},
		"node_modules/vscode-languageserver-textdocument": {
			"version": "1.0.8",
			"resolved": "https://registry.npmjs.org/vscode-languageserver-textdocument/-/vscode-languageserver-textdocument-1.0.8.tgz",
			"integrity": "sha512-1bonkGqQs5/fxGT5UchTgjGVnfysL0O8v1AYMBjqTbWQTFn721zaPGDYFkOKtfDgFiSgXM3KwaG3FMGfW4Ed9Q=="
		},
		"node_modules/vscode-languageserver-types": {
			"version": "3.17.2",
			"resolved": "https://registry.npmjs.org/vscode-languageserver-types/-/vscode-languageserver-types-3.17.2.tgz",
			"integrity": "sha512-zHhCWatviizPIq9B7Vh9uvrH6x3sK8itC84HkamnBWoDFJtzBf7SWlpLCZUit72b3os45h6RWQNC9xHRDF8dRA=="
		},
		"node_modules/vscode-nls": {
			"version": "5.2.0",
			"resolved": "https://registry.npmjs.org/vscode-nls/-/vscode-nls-5.2.0.tgz",
			"integrity": "sha512-RAaHx7B14ZU04EU31pT+rKz2/zSl7xMsfIZuo8pd+KZO6PXtQmpevpq3vxvWNcrGbdmhM/rr5Uw5Mz+NBfhVng=="
		},
		"node_modules/vscode-uri": {
			"version": "3.0.7",
			"resolved": "https://registry.npmjs.org/vscode-uri/-/vscode-uri-3.0.7.tgz",
			"integrity": "sha512-eOpPHogvorZRobNqJGhapa0JdwaxpjVvyBp0QIUMRMSf8ZAlqOdEquKuRmw9Qwu0qXtJIWqFtMkmvJjUZmMjVA=="
		},
		"node_modules/yaml": {
			"version": "2.0.0-11",
			"resolved": "https://registry.npmjs.org/yaml/-/yaml-2.0.0-11.tgz",
			"integrity": "sha512-5kGSQrzDyjCk0BLuFfjkoUE9vYcoyrwZIZ+GnpOSM9vhkvPjItYiWJ1jpRSo0aU4QmsoNrFwDT4O7XS2UGcBQg==",
			"engines": {
				"node": ">= 12"
			}
		},
		"node_modules/yaml-language-server": {
			"version": "1.10.0",
			"resolved": "https://registry.npmjs.org/yaml-language-server/-/yaml-language-server-1.10.0.tgz",
			"integrity": "sha512-bGE5lObc8PBXDQ8QKEWUVFw85/g1R3TVbtLPswNY+YXR2fLb1RF6PW3CKNI0gshXTSKleywhAyORrXi7fjwpzg==",
			"dependencies": {
				"ajv": "^8.11.0",
				"request-light": "^0.5.7",
				"vscode-json-languageservice": "4.1.8",
				"vscode-languageserver": "^7.0.0",
				"vscode-languageserver-textdocument": "^1.0.1",
				"vscode-languageserver-types": "^3.16.0",
				"vscode-nls": "^5.0.0",
				"vscode-uri": "^3.0.2",
				"yaml": "2.0.0-11"
			},
			"bin": {
				"yaml-language-server": "bin/yaml-language-server"
			},
			"optionalDependencies": {
				"prettier": "2.0.5"
			}
		},
		"node_modules/yaml-language-server/node_modules/vscode-jsonrpc": {
			"version": "6.0.0",
			"resolved": "https://registry.npmjs.org/vscode-jsonrpc/-/vscode-jsonrpc-6.0.0.tgz",
			"integrity": "sha512-wnJA4BnEjOSyFMvjZdpiOwhSq9uDoK8e/kpRJDTaMYzwlkrhG1fwDIZI94CLsLzlCK5cIbMMtFlJlfR57Lavmg==",
			"engines": {
				"node": ">=8.0.0 || >=10.0.0"
			}
		},
		"node_modules/yaml-language-server/node_modules/vscode-languageserver": {
			"version": "7.0.0",
			"resolved": "https://registry.npmjs.org/vscode-languageserver/-/vscode-languageserver-7.0.0.tgz",
			"integrity": "sha512-60HTx5ID+fLRcgdHfmz0LDZAXYEV68fzwG0JWwEPBode9NuMYTIxuYXPg4ngO8i8+Ou0lM7y6GzaYWbiDL0drw==",
			"dependencies": {
				"vscode-languageserver-protocol": "3.16.0"
			},
			"bin": {
				"installServerIntoExtension": "bin/installServerIntoExtension"
			}
		},
		"node_modules/yaml-language-server/node_modules/vscode-languageserver-protocol": {
			"version": "3.16.0",
			"resolved": "https://registry.npmjs.org/vscode-languageserver-protocol/-/vscode-languageserver-protocol-3.16.0.tgz",
			"integrity": "sha512-sdeUoAawceQdgIfTI+sdcwkiK2KU+2cbEYA0agzM2uqaUy2UpnnGHtWTHVEtS0ES4zHU0eMFRGN+oQgDxlD66A==",
			"dependencies": {
				"vscode-jsonrpc": "6.0.0",
				"vscode-languageserver-types": "3.16.0"
			}
		},
		"node_modules/yaml-language-server/node_modules/vscode-languageserver-types": {
			"version": "3.16.0",
			"resolved": "https://registry.npmjs.org/vscode-languageserver-types/-/vscode-languageserver-types-3.16.0.tgz",
			"integrity": "sha512-k8luDIWJWyenLc5ToFQQMaSrqCHiLwyKPHKPQZ5zz21vM+vIVUSvsRpcbiECH4WR88K2XZqc4ScRcZ7nk/jbeA=="
		}
	},
	"dependencies": {
		"ajv": {
			"version": "8.11.2",
			"resolved": "https://registry.npmjs.org/ajv/-/ajv-8.11.2.tgz",
			"integrity": "sha512-E4bfmKAhGiSTvMfL1Myyycaub+cUEU2/IvpylXkUu7CHBkBj1f/ikdzbD7YQ6FKUbixDxeYvB/xY4fvyroDlQg==",
			"requires": {
				"fast-deep-equal": "^3.1.1",
				"json-schema-traverse": "^1.0.0",
				"require-from-string": "^2.0.2",
				"uri-js": "^4.2.2"
			}
		},
		"fast-deep-equal": {
			"version": "3.1.3",
			"resolved": "https://registry.npmjs.org/fast-deep-equal/-/fast-deep-equal-3.1.3.tgz",
			"integrity": "sha512-f3qQ9oQy9j2AhBe/H9VC91wLmKBCCU/gDOnKNAYG5hswO7BLKj09Hc5HYNz9cGI++xlpDCIgDaitVs03ATR84Q=="
		},
		"fast-json-patch": {
			"version": "3.1.1",
			"resolved": "https://registry.npmjs.org/fast-json-patch/-/fast-json-patch-3.1.1.tgz",
			"integrity": "sha512-vf6IHUX2SBcA+5/+4883dsIjpBTqmfBjmYiWK1savxQmFk4JfBMLa7ynTYOs1Rolp/T1betJxHiGD3g1Mn8lUQ=="
		},
		"json-schema-traverse": {
			"version": "1.0.0",
			"resolved": "https://registry.npmjs.org/json-schema-traverse/-/json-schema-traverse-1.0.0.tgz",
			"integrity": "sha512-NM8/P9n3XjXhIZn1lLhkFaACTOURQXjWhV4BA/RnOv8xvgqtqpAX9IO4mRQxSx1Rlo4tqzeqb0sOlruaOy3dug=="
		},
		"jsonc-parser": {
			"version": "3.2.0",
			"resolved": "https://registry.npmjs.org/jsonc-parser/-/jsonc-parser-3.2.0.tgz",
			"integrity": "sha512-gfFQZrcTc8CnKXp6Y4/CBT3fTc0OVuDofpre4aEeEpSBPV5X5v4+Vmx+8snU7RLPrNHPKSgLxGo9YuQzz20o+w=="
		},
		"prettier": {
			"version": "2.0.5",
			"resolved": "https://registry.npmjs.org/prettier/-/prettier-2.0.5.tgz",
			"integrity": "sha512-7PtVymN48hGcO4fGjybyBSIWDsLU4H4XlvOHfq91pz9kkGlonzwTfYkaIEwiRg/dAJF9YlbsduBAgtYLi+8cFg==",
			"optional": true
		},
		"punycode": {
			"version": "2.1.1",
			"resolved": "https://registry.npmjs.org/punycode/-/punycode-2.1.1.tgz",
			"integrity": "sha512-XRsRjdf+j5ml+y/6GKHPZbrF/8p2Yga0JPtdqTIY2Xe5ohJPD9saDJJLPvp9+NSBprVvevdXZybnj2cv8OEd0A=="
		},
		"request-light": {
			"version": "0.5.8",
			"resolved": "https://registry.npmjs.org/request-light/-/request-light-0.5.8.tgz",
			"integrity": "sha512-3Zjgh+8b5fhRJBQZoy+zbVKpAQGLyka0MPgW3zruTF4dFFJ8Fqcfu9YsAvi/rvdcaTeWG3MkbZv4WKxAn/84Lg=="
		},
		"require-from-string": {
			"version": "2.0.2",
			"resolved": "https://registry.npmjs.org/require-from-string/-/require-from-string-2.0.2.tgz",
			"integrity": "sha512-Xf0nWe6RseziFMu+Ap9biiUbmplq6S9/p+7w7YXP/JBHhrUDDUhwa+vANyubuqfZWTveU//DYVGsDG7RKL/vEw=="
		},
		"uri-js": {
			"version": "4.4.1",
			"resolved": "https://registry.npmjs.org/uri-js/-/uri-js-4.4.1.tgz",
			"integrity": "sha512-7rKUyy33Q1yc98pQ1DAmLtwX109F7TIfWlW1Ydo8Wl1ii1SeHieeh0HHfPeL2fMXK6z0s8ecKs9frCuLJvndBg==",
			"requires": {
				"punycode": "^2.1.0"
			}
		},
		"vscode-json-languageservice": {
			"version": "4.1.8",
			"resolved": "https://registry.npmjs.org/vscode-json-languageservice/-/vscode-json-languageservice-4.1.8.tgz",
			"integrity": "sha512-0vSpg6Xd9hfV+eZAaYN63xVVMOTmJ4GgHxXnkLCh+9RsQBkWKIghzLhW2B9ebfG+LQQg8uLtsQ2aUKjTgE+QOg==",
			"requires": {
				"jsonc-parser": "^3.0.0",
				"vscode-languageserver-textdocument": "^1.0.1",
				"vscode-languageserver-types": "^3.16.0",
				"vscode-nls": "^5.0.0",
				"vscode-uri": "^3.0.2"
			}
		},
		"vscode-jsonrpc": {
			"version": "8.0.2",
			"resolved": "https://registry.npmjs.org/vscode-jsonrpc/-/vscode-jsonrpc-8.0.2.tgz",
			"integrity": "sha512-RY7HwI/ydoC1Wwg4gJ3y6LpU9FJRZAUnTYMXthqhFXXu77ErDd/xkREpGuk4MyYkk4a+XDWAMqe0S3KkelYQEQ=="
		},
		"vscode-languageserver": {
			"version": "8.0.2",
			"resolved": "https://registry.npmjs.org/vscode-languageserver/-/vscode-languageserver-8.0.2.tgz",
			"integrity": "sha512-bpEt2ggPxKzsAOZlXmCJ50bV7VrxwCS5BI4+egUmure/oI/t4OlFzi/YNtVvY24A2UDOZAgwFGgnZPwqSJubkA==",
			"requires": {
				"vscode-languageserver-protocol": "3.17.2"
			}
		},
		"vscode-languageserver-protocol": {
			"version": "3.17.2",
			"resolved": "https://registry.npmjs.org/vscode-languageserver-protocol/-/vscode-languageserver-protocol-3.17.2.tgz",
			"integrity": "sha512-8kYisQ3z/SQ2kyjlNeQxbkkTNmVFoQCqkmGrzLH6A9ecPlgTbp3wDTnUNqaUxYr4vlAcloxx8zwy7G5WdguYNg==",
			"requires": {
				"vscode-jsonrpc": "8.0.2",
				"vscode-languageserver-types": "3.17.2"
			}
		},
		"vscode-languageserver-textdocument": {
			"version": "1.0.8",
			"resolved": "https://registry.npmjs.org/vscode-languageserver-textdocument/-/vscode-languageserver-textdocument-1.0.8.tgz",
			"integrity": "sha512-1bonkGqQs5/fxGT5UchTgjGVnfysL0O8v1AYMBjqTbWQTFn721zaPGDYFkOKtfDgFiSgXM3KwaG3FMGfW4Ed9Q=="
		},
		"vscode-languageserver-types": {
			"version": "3.17.2",
			"resolved": "https://registry.npmjs.org/vscode-languageserver-types/-/vscode-languageserver-types-3.17.2.tgz",
			"integrity": "sha512-zHhCWatviizPIq9B7Vh9uvrH6x3sK8itC84HkamnBWoDFJtzBf7SWlpLCZUit72b3os45h6RWQNC9xHRDF8dRA=="
		},
		"vscode-nls": {
			"version": "5.2.0",
			"resolved": "https://registry.npmjs.org/vscode-nls/-/vscode-nls-5.2.0.tgz",
			"integrity": "sha512-RAaHx7B14ZU04EU31pT+rKz2/zSl7xMsfIZuo8pd+KZO6PXtQmpevpq3vxvWNcrGbdmhM/rr5Uw5Mz+NBfhVng=="
		},
		"vscode-uri": {
			"version": "3.0.7",
			"resolved": "https://registry.npmjs.org/vscode-uri/-/vscode-uri-3.0.7.tgz",
			"integrity": "sha512-eOpPHogvorZRobNqJGhapa0JdwaxpjVvyBp0QIUMRMSf8ZAlqOdEquKuRmw9Qwu0qXtJIWqFtMkmvJjUZmMjVA=="
		},
		"yaml": {
			"version": "2.0.0-11",
			"resolved": "https://registry.npmjs.org/yaml/-/yaml-2.0.0-11.tgz",
			"integrity": "sha512-5kGSQrzDyjCk0BLuFfjkoUE9vYcoyrwZIZ+GnpOSM9vhkvPjItYiWJ1jpRSo0aU4QmsoNrFwDT4O7XS2UGcBQg=="
		},
		"yaml-language-server": {
			"version": "1.10.0",
			"resolved": "https://registry.npmjs.org/yaml-language-server/-/yaml-language-server-1.10.0.tgz",
			"integrity": "sha512-bGE5lObc8PBXDQ8QKEWUVFw85/g1R3TVbtLPswNY+YXR2fLb1RF6PW3CKNI0gshXTSKleywhAyORrXi7fjwpzg==",
			"requires": {
				"ajv": "^8.11.0",
				"prettier": "2.0.5",
				"request-light": "^0.5.7",
				"vscode-json-languageservice": "4.1.8",
				"vscode-languageserver": "^7.0.0",
				"vscode-languageserver-textdocument": "^1.0.1",
				"vscode-languageserver-types": "^3.16.0",
				"vscode-nls": "^5.0.0",
				"vscode-uri": "^3.0.2",
				"yaml": "2.0.0-11"
			},
			"dependencies": {
				"vscode-jsonrpc": {
					"version": "6.0.0",
					"resolved": "https://registry.npmjs.org/vscode-jsonrpc/-/vscode-jsonrpc-6.0.0.tgz",
					"integrity": "sha512-wnJA4BnEjOSyFMvjZdpiOwhSq9uDoK8e/kpRJDTaMYzwlkrhG1fwDIZI94CLsLzlCK5cIbMMtFlJlfR57Lavmg=="
				},
				"vscode-languageserver": {
					"version": "7.0.0",
					"resolved": "https://registry.npmjs.org/vscode-languageserver/-/vscode-languageserver-7.0.0.tgz",
					"integrity": "sha512-60HTx5ID+fLRcgdHfmz0LDZAXYEV68fzwG0JWwEPBode9NuMYTIxuYXPg4ngO8i8+Ou0lM7y6GzaYWbiDL0drw==",
					"requires": {
						"vscode-languageserver-protocol": "3.16.0"
					}
				},
				"vscode-languageserver-protocol": {
					"version": "3.16.0",
					"resolved": "https://registry.npmjs.org/vscode-languageserver-protocol/-/vscode-languageserver-protocol-3.16.0.tgz",
					"integrity": "sha512-sdeUoAawceQdgIfTI+sdcwkiK2KU+2cbEYA0agzM2uqaUy2UpnnGHtWTHVEtS0ES4zHU0eMFRGN+oQgDxlD66A==",
					"requires": {
						"vscode-jsonrpc": "6.0.0",
						"vscode-languageserver-types": "3.16.0"
					}
				},
				"vscode-languageserver-types": {
					"version": "3.16.0",
					"resolved": "https://registry.npmjs.org/vscode-languageserver-types/-/vscode-languageserver-types-3.16.0.tgz",
					"integrity": "sha512-k8luDIWJWyenLc5ToFQQMaSrqCHiLwyKPHKPQZ5zz21vM+vIVUSvsRpcbiECH4WR88K2XZqc4ScRcZ7nk/jbeA=="
				}
			}
		}
	}
}
